
Microsoft Visual Studio Solution File, Format Version 12.00
# Visual Studio Version 17
VisualStudioVersion = 17.14.36203.30 d17.14
MinimumVisualStudioVersion = 10.0.40219.1
Project("{FAE04EC0-301F-11D3-BF4B-00C04F79EFBC}") = "GeometryShape11", "GeometryShape11.csproj", "{9029A65E-CDCA-4202-92DB-E3C6F7B2513B}"
EndProject
Project("{FAE04EC0-301F-11D3-BF4B-00C04F79EFBC}") = "GeometryShapeTests", "..\GeometryShapeTests\GeometryShapeTests.csproj", "{C6273AA4-9EFC-4193-9AB6-EDF83BE48C15}"
EndProject
Global
	GlobalSection(SolutionConfigurationPlatforms) = preSolution
		Debug|Any CPU = Debug|Any CPU
		Release|Any CPU = Release|Any CPU
	EndGlobalSection
	GlobalSection(ProjectConfigurationPlatforms) = postSolution
		{9029A65E-CDCA-4202-92DB-E3C6F7B2513B}.Debug|Any CPU.ActiveCfg = Debug|Any CPU
		{9029A65E-CDCA-4202-92DB-E3C6F7B2513B}.Debug|Any CPU.Build.0 = Debug|Any CPU
		{9029A65E-CDCA-4202-92DB-E3C6F7B2513B}.Release|Any CPU.ActiveCfg = Release|Any CPU
		{9029A65E-CDCA-4202-92DB-E3C6F7B2513B}.Release|Any CPU.Build.0 = Release|Any CPU
		{C6273AA4-9EFC-4193-9AB6-EDF83BE48C15}.Debug|Any CPU.ActiveCfg = Debug|Any CPU
		{C6273AA4-9EFC-4193-9AB6-EDF83BE48C15}.Debug|Any CPU.Build.0 = Debug|Any CPU
		{C6273AA4-9EFC-4193-9AB6-EDF83BE48C15}.Release|Any CPU.ActiveCfg = Release|Any CPU
		{C6273AA4-9EFC-4193-9AB6-EDF83BE48C15}.Release|Any CPU.Build.0 = Release|Any CPU
	EndGlobalSection
	GlobalSection(SolutionProperties) = preSolution
		HideSolutionNode = FALSE
	EndGlobalSection
	GlobalSection(ExtensibilityGlobals) = postSolution
		SolutionGuid = {B660079B-A714-4AE6-BF4D-4EF83E650105}
	EndGlobalSection
EndGlobal
